{
  "name": "ffbc27e3-ed75-4b1b-a65d-1272c9de2104",
  "lockfileVersion": 3,
  "requires": true,
  "packages": {
    "": {
      "dependencies": {
        "fmin": "^0.0.4"
      }
    },
    "node_modules/contour_plot": {
      "version": "0.0.1",
      "resolved": "https://registry.npmjs.org/contour_plot/-/contour_plot-0.0.1.tgz",
      "integrity": "sha512-Nil2HI76Xux6sVGORvhSS8v66m+/h5CwFkBJDO+U5vWaMdNC0yXNCsGDPbzPhvqOEU5koebhdEvD372LI+IyLw==",
      "license": "MIT"
    },
    "node_modules/fmin": {
      "version": "0.0.4",
      "resolved": "https://registry.npmjs.org/fmin/-/fmin-0.0.4.tgz",
      "integrity": "sha512-GDebBdizW6g1F5Kxm/y/D0bKjc8zBeIeGEXpgDuGejMyeaafuLkKZRxEzWKqehDRipxQ8h0cLhdDRCsx6T0t4w==",
      "license": "BSD-3-Clause",
      "dependencies": {
        "contour_plot": "^0.0.1"
      }
    }
  }
}
